<Solution>
  <Project Path="ExaminationSystem.API/ExaminationSystem.API.csproj" />
  <Project Path="ExaminationSystem.Application/ExaminationSystem.Application.csproj" />
  <Project Path="ExaminationSystem.Contracts/ExaminationSystem.Contracts.csproj" Id="65af173a-95df-4c3f-986d-277a13c1434e" />
  <Project Path="ExaminationSystem.Domin/ExaminationSystem.Domin.csproj" />
  <Project Path="ExaminationSystem.Infrastructure/ExaminationSystem.Infrastructure.csproj" />
</Solution>
